
Microsoft Visual Studio Solution File, Format Version 12.00
# Visual Studio 15
VisualStudioVersion = 15.0.27428.1
MinimumVisualStudioVersion = 10.0.40219.1
Project("{FAE04EC0-301F-11D3-BF4B-00C04F79EFBC}") = "EdibleFungusGreenhouse", "EdibleFungusGreenhouse.csproj", "{361EF992-1AA5-4083-A352-E8B6A7493A79}"
EndProject
Global
	GlobalSection(SolutionConfigurationPlatforms) = preSolution
		Debug|Any CPU = Debug|Any CPU
		Release|Any CPU = Release|Any CPU
	EndGlobalSection
	GlobalSection(ProjectConfigurationPlatforms) = postSolution
		{361EF992-1AA5-4083-A352-E8B6A7493A79}.Debug|Any CPU.ActiveCfg = Debug|Any CPU
		{361EF992-1AA5-4083-A352-E8B6A7493A79}.Debug|Any CPU.Build.0 = Debug|Any CPU
		{361EF992-1AA5-4083-A352-E8B6A7493A79}.Release|Any CPU.ActiveCfg = Release|Any CPU
		{361EF992-1AA5-4083-A352-E8B6A7493A79}.Release|Any CPU.Build.0 = Release|Any CPU
	EndGlobalSection
	GlobalSection(SolutionProperties) = preSolution
		HideSolutionNode = FALSE
	EndGlobalSection
	GlobalSection(ExtensibilityGlobals) = postSolution
		SolutionGuid = {C29F87B9-822F-4077-BC58-0E2879665C2E}
	EndGlobalSection
EndGlobal
